
Microsoft Visual Studio Solution File, Format Version 12.00
# Visual Studio 15
VisualStudioVersion = 15.0.28010.2036
MinimumVisualStudioVersion = 10.0.40219.1
Project("{FAE04EC0-301F-11D3-BF4B-00C04F79EFBC}") = "KonversiWindowsFormsApp", "KonversiWindowsFormsApp\KonversiWindowsFormsApp.csproj", "{AFC55725-6B0D-4C81-A099-513ED7335A65}"
EndProject
Project("{FAE04EC0-301F-11D3-BF4B-00C04F79EFBC}") = "KonversiClassLibrary", "KonversiClassLibrary\KonversiClassLibrary.csproj", "{2FF32BF2-B360-425A-8749-F6739FA0483D}"
EndProject
Global
	GlobalSection(SolutionConfigurationPlatforms) = preSolution
		Debug|Any CPU = Debug|Any CPU
		Release|Any CPU = Release|Any CPU
	EndGlobalSection
	GlobalSection(ProjectConfigurationPlatforms) = postSolution
		{AFC55725-6B0D-4C81-A099-513ED7335A65}.Debug|Any CPU.ActiveCfg = Debug|Any CPU
		{AFC55725-6B0D-4C81-A099-513ED7335A65}.Debug|Any CPU.Build.0 = Debug|Any CPU
		{AFC55725-6B0D-4C81-A099-513ED7335A65}.Release|Any CPU.ActiveCfg = Release|Any CPU
		{AFC55725-6B0D-4C81-A099-513ED7335A65}.Release|Any CPU.Build.0 = Release|Any CPU
		{2FF32BF2-B360-425A-8749-F6739FA0483D}.Debug|Any CPU.ActiveCfg = Debug|Any CPU
		{2FF32BF2-B360-425A-8749-F6739FA0483D}.Debug|Any CPU.Build.0 = Debug|Any CPU
		{2FF32BF2-B360-425A-8749-F6739FA0483D}.Release|Any CPU.ActiveCfg = Release|Any CPU
		{2FF32BF2-B360-425A-8749-F6739FA0483D}.Release|Any CPU.Build.0 = Release|Any CPU
	EndGlobalSection
	GlobalSection(SolutionProperties) = preSolution
		HideSolutionNode = FALSE
	EndGlobalSection
	GlobalSection(ExtensibilityGlobals) = postSolution
		SolutionGuid = {ABC6B44F-CB81-403E-AF87-66FDE989A401}
	EndGlobalSection
EndGlobal
